
Microsoft Visual Studio Solution File, Format Version 12.00
# Visual Studio Version 17
VisualStudioVersion = 17.0.31903.59
MinimumVisualStudioVersion = 10.0.40219.1
Project("{9A19103F-16F7-4668-BE54-9A1E7A4F7556}") = "FixedNumbers.Tests", "FixedNumbers.Test\FixedNumbers.Tests.csproj", "{B02EAAB5-7953-458B-81C3-53A70FE69CA3}"
EndProject
Project("{9A19103F-16F7-4668-BE54-9A1E7A4F7556}") = "FixedNumbers", "FixedNumbers\FixedNumbers.csproj", "{D1B391EF-24BC-43AD-880D-A5064C11E177}"
EndProject
Global
	GlobalSection(SolutionConfigurationPlatforms) = preSolution
		Debug|Any CPU = Debug|Any CPU
		Release|Any CPU = Release|Any CPU
	EndGlobalSection
	GlobalSection(ProjectConfigurationPlatforms) = postSolution
		{B02EAAB5-7953-458B-81C3-53A70FE69CA3}.Debug|Any CPU.ActiveCfg = Debug|Any CPU
		{B02EAAB5-7953-458B-81C3-53A70FE69CA3}.Debug|Any CPU.Build.0 = Debug|Any CPU
		{B02EAAB5-7953-458B-81C3-53A70FE69CA3}.Release|Any CPU.ActiveCfg = Release|Any CPU
		{B02EAAB5-7953-458B-81C3-53A70FE69CA3}.Release|Any CPU.Build.0 = Release|Any CPU
		{D1B391EF-24BC-43AD-880D-A5064C11E177}.Debug|Any CPU.ActiveCfg = Debug|Any CPU
		{D1B391EF-24BC-43AD-880D-A5064C11E177}.Debug|Any CPU.Build.0 = Debug|Any CPU
		{D1B391EF-24BC-43AD-880D-A5064C11E177}.Release|Any CPU.ActiveCfg = Release|Any CPU
		{D1B391EF-24BC-43AD-880D-A5064C11E177}.Release|Any CPU.Build.0 = Release|Any CPU
	EndGlobalSection
	GlobalSection(SolutionProperties) = preSolution
		HideSolutionNode = FALSE
	EndGlobalSection
	GlobalSection(ExtensibilityGlobals) = postSolution
		SolutionGuid = {903AF8CE-AA67-4C58-B551-5E1F09FC3F73}
	EndGlobalSection
EndGlobal
